
Microsoft Visual Studio Solution File, Format Version 12.00
# Visual Studio Version 16
VisualStudioVersion = 16.0.31702.278
MinimumVisualStudioVersion = 10.0.40219.1
Project("{FAE04EC0-301F-11D3-BF4B-00C04F79EFBC}") = "MatthewsApp.API", "MatthewsApp.API\MatthewsApp.API.csproj", "{1DA39BA1-8D65-414B-9428-1FD284EBF6AC}"
EndProject
Global
	GlobalSection(SolutionConfigurationPlatforms) = preSolution
		Debug|Any CPU = Debug|Any CPU
		Release|Any CPU = Release|Any CPU
	EndGlobalSection
	GlobalSection(ProjectConfigurationPlatforms) = postSolution
		{1DA39BA1-8D65-414B-9428-1FD284EBF6AC}.Debug|Any CPU.ActiveCfg = Debug|Any CPU
		{1DA39BA1-8D65-414B-9428-1FD284EBF6AC}.Debug|Any CPU.Build.0 = Debug|Any CPU
		{1DA39BA1-8D65-414B-9428-1FD284EBF6AC}.Release|Any CPU.ActiveCfg = Release|Any CPU
		{1DA39BA1-8D65-414B-9428-1FD284EBF6AC}.Release|Any CPU.Build.0 = Release|Any CPU
	EndGlobalSection
	GlobalSection(SolutionProperties) = preSolution
		HideSolutionNode = FALSE
	EndGlobalSection
	GlobalSection(ExtensibilityGlobals) = postSolution
		SolutionGuid = {12BBE11E-B9EE-4776-8770-A06E39A9C5A4}
	EndGlobalSection
EndGlobal
